
Microsoft Visual Studio Solution File, Format Version 12.00
# Visual Studio Version 16
VisualStudioVersion = 16.0.30320.27
MinimumVisualStudioVersion = 10.0.40219.1
Project("{FAE04EC0-301F-11D3-BF4B-00C04F79EFBC}") = "TURISMUL_DURABIL", "TURISMUL_DURABIL\TURISMUL_DURABIL.csproj", "{0C0548FF-A821-4DD9-A6F9-1F9F9F65B491}"
EndProject
Global
	GlobalSection(SolutionConfigurationPlatforms) = preSolution
		Debug|Any CPU = Debug|Any CPU
		Release|Any CPU = Release|Any CPU
	EndGlobalSection
	GlobalSection(ProjectConfigurationPlatforms) = postSolution
		{0C0548FF-A821-4DD9-A6F9-1F9F9F65B491}.Debug|Any CPU.ActiveCfg = Debug|Any CPU
		{0C0548FF-A821-4DD9-A6F9-1F9F9F65B491}.Debug|Any CPU.Build.0 = Debug|Any CPU
		{0C0548FF-A821-4DD9-A6F9-1F9F9F65B491}.Release|Any CPU.ActiveCfg = Release|Any CPU
		{0C0548FF-A821-4DD9-A6F9-1F9F9F65B491}.Release|Any CPU.Build.0 = Release|Any CPU
	EndGlobalSection
	GlobalSection(SolutionProperties) = preSolution
		HideSolutionNode = FALSE
	EndGlobalSection
	GlobalSection(ExtensibilityGlobals) = postSolution
		SolutionGuid = {F402E4B5-797A-4F6D-9E4E-3660630EB682}
	EndGlobalSection
EndGlobal
